// !$*UTF8*$!
{
	archiveVersion = 1;
	classes = {
	};
	objectVersion = 56;
	objects = {

/* Begin PBXBuildFile section */
		FA3DB1FA2B84F7B8004F571F /* AppDelegate.swift in Sources */ = {isa = PBXBuildFile; fileRef = FA3DB1F92B84F7B8004F571F /* AppDelegate.swift */; };
		FA3DB1FC2B84F7B8004F571F /* SceneDelegate.swift in Sources */ = {isa = PBXBuildFile; fileRef = FA3DB1FB2B84F7B8004F571F /* SceneDelegate.swift */; };
		FA3DB1FE2B84F7B8004F571F /* ViewController.swift in Sources */ = {isa = PBXBuildFile; fileRef = FA3DB1FD2B84F7B8004F571F /* ViewController.swift */; };
		FA3DB2012B84F7B8004F571F /* Main.storyboard in Resources */ = {isa = PBXBuildFile; fileRef = FA3DB1FF2B84F7B8004F571F /* Main.storyboard */; };
		FA3DB2032B84F7B9004F571F /* Assets.xcassets in Resources */ = {isa = PBXBuildFile; fileRef = FA3DB2022B84F7B9004F571F /* Assets.xcassets */; };
		FA3DB2062B84F7B9004F571F /* LaunchScreen.storyboard in Resources */ = {isa = PBXBuildFile; fileRef = FA3DB2042B84F7B9004F571F /* LaunchScreen.storyboard */; };
		FA3DB20E2B84F80C004F571F /* PointCloud.swift in Sources */ = {isa = PBXBuildFile; fileRef = FA3DB20D2B84F80C004F571F /* PointCloud.swift */; };
		FA3F54D72B85FCE90018DF90 /* PhotoDepth.swift in Sources */ = {isa = PBXBuildFile; fileRef = FA3F54D62B85FCE90018DF90 /* PhotoDepth.swift */; };
		FA9D9C7B2B89761500FCAE2D /* VideoCameraType.swift in Sources */ = {isa = PBXBuildFile; fileRef = FA9D9C782B89761500FCAE2D /* VideoCameraType.swift */; };
		FA9D9C7C2B89761500FCAE2D /* VideoCapture.swift in Sources */ = {isa = PBXBuildFile; fileRef = FA9D9C792B89761500FCAE2D /* VideoCapture.swift */; };
		FA9D9C7D2B89761500FCAE2D /* AVCaptureDevice+Extension.swift in Sources */ = {isa = PBXBuildFile; fileRef = FA9D9C7A2B89761500FCAE2D /* AVCaptureDevice+Extension.swift */; };
		FA9D9C862B89779600FCAE2D /* UIAlertController+Utils.swift in Sources */ = {isa = PBXBuildFile; fileRef = FA9D9C7F2B89779500FCAE2D /* UIAlertController+Utils.swift */; };
		FA9D9C872B89779600FCAE2D /* CIImage+Utils.swift in Sources */ = {isa = PBXBuildFile; fileRef = FA9D9C802B89779500FCAE2D /* CIImage+Utils.swift */; };
		FA9D9C882B89779600FCAE2D /* AVDepthData+Utils.swift in Sources */ = {isa = PBXBuildFile; fileRef = FA9D9C812B89779500FCAE2D /* AVDepthData+Utils.swift */; };
		FA9D9C892B89779600FCAE2D /* CVPixelBuffer+CIImage.swift in Sources */ = {isa = PBXBuildFile; fileRef = FA9D9C822B89779500FCAE2D /* CVPixelBuffer+CIImage.swift */; };
		FA9D9C8A2B89779600FCAE2D /* UIImage+Utils.swift in Sources */ = {isa = PBXBuildFile; fileRef = FA9D9C832B89779500FCAE2D /* UIImage+Utils.swift */; };
		FA9D9C8B2B89779600FCAE2D /* CGImageSource+Depth.swift in Sources */ = {isa = PBXBuildFile; fileRef = FA9D9C842B89779500FCAE2D /* CGImageSource+Depth.swift */; };
		FA9D9C8C2B89779600FCAE2D /* PhotosUtils.swift in Sources */ = {isa = PBXBuildFile; fileRef = FA9D9C852B89779500FCAE2D /* PhotosUtils.swift */; };
		FAD3A72E2BEF078F00C4EFD6 /* ARDataProvider.swift in Sources */ = {isa = PBXBuildFile; fileRef = FAD3A72D2BEF078F00C4EFD6 /* ARDataProvider.swift */; };
		FAD3A7312BEF086900C4EFD6 /* shaders.metal in Sources */ = {isa = PBXBuildFile; fileRef = FAD3A7302BEF086900C4EFD6 /* shaders.metal */; };
		FAD3A7332BEF10F800C4EFD6 /* ARReceiver.swift in Sources */ = {isa = PBXBuildFile; fileRef = FAD3A7322BEF10F800C4EFD6 /* ARReceiver.swift */; };
		FAD3A7352BEF118600C4EFD6 /* EnvironmentVariables.swift in Sources */ = {isa = PBXBuildFile; fileRef = FAD3A7342BEF118600C4EFD6 /* EnvironmentVariables.swift */; };
		FAD3A7372BEF12E000C4EFD6 /* MetalPointCloud.swift in Sources */ = {isa = PBXBuildFile; fileRef = FAD3A7362BEF12E000C4EFD6 /* MetalPointCloud.swift */; };
		FAD3A7392BEF133A00C4EFD6 /* MetalTextureViewCoefs.swift in Sources */ = {isa = PBXBuildFile; fileRef = FAD3A7382BEF133A00C4EFD6 /* MetalTextureViewCoefs.swift */; };
		FAD3A73B2BEF140500C4EFD6 /* MetalViewController.swift in Sources */ = {isa = PBXBuildFile; fileRef = FAD3A73A2BEF140500C4EFD6 /* MetalViewController.swift */; };
		FADFB9192C75D64D00F892AF /* PickupObjectsFromImage.swift in Sources */ = {isa = PBXBuildFile; fileRef = FADFB9182C75D64D00F892AF /* PickupObjectsFromImage.swift */; };
/* End PBXBuildFile section */

/* Begin PBXFileReference section */
		FA3DB1F62B84F7B8004F571F /* PointCloudDepthDemo.app */ = {isa = PBXFileReference; explicitFileType = wrapper.application; includeInIndex = 0; path = PointCloudDepthDemo.app; sourceTree = BUILT_PRODUCTS_DIR; };
		FA3DB1F92B84F7B8004F571F /* AppDelegate.swift */ = {isa = PBXFileReference; lastKnownFileType = sourcecode.swift; path = AppDelegate.swift; sourceTree = "<group>"; };
		FA3DB1FB2B84F7B8004F571F /* SceneDelegate.swift */ = {isa = PBXFileReference; lastKnownFileType = sourcecode.swift; path = SceneDelegate.swift; sourceTree = "<group>"; };
		FA3DB1FD2B84F7B8004F571F /* ViewController.swift */ = {isa = PBXFileReference; lastKnownFileType = sourcecode.swift; path = ViewController.swift; sourceTree = "<group>"; };
		FA3DB2002B84F7B8004F571F /* Base */ = {isa = PBXFileReference; lastKnownFileType = file.storyboard; name = Base; path = Base.lproj/Main.storyboard; sourceTree = "<group>"; };
		FA3DB2022B84F7B9004F571F /* Assets.xcassets */ = {isa = PBXFileReference; lastKnownFileType = folder.assetcatalog; path = Assets.xcassets; sourceTree = "<group>"; };
		FA3DB2052B84F7B9004F571F /* Base */ = {isa = PBXFileReference; lastKnownFileType = file.storyboard; name = Base; path = Base.lproj/LaunchScreen.storyboard; sourceTree = "<group>"; };
		FA3DB2072B84F7B9004F571F /* Info.plist */ = {isa = PBXFileReference; lastKnownFileType = text.plist.xml; path = Info.plist; sourceTree = "<group>"; };
		FA3DB20D2B84F80C004F571F /* PointCloud.swift */ = {isa = PBXFileReference; fileEncoding = 4; lastKnownFileType = sourcecode.swift; path = PointCloud.swift; sourceTree = "<group>"; };
		FA3F54D62B85FCE90018DF90 /* PhotoDepth.swift */ = {isa = PBXFileReference; lastKnownFileType = sourcecode.swift; path = PhotoDepth.swift; sourceTree = "<group>"; };
		FA9D9C782B89761500FCAE2D /* VideoCameraType.swift */ = {isa = PBXFileReference; fileEncoding = 4; lastKnownFileType = sourcecode.swift; path = VideoCameraType.swift; sourceTree = "<group>"; };
		FA9D9C792B89761500FCAE2D /* VideoCapture.swift */ = {isa = PBXFileReference; fileEncoding = 4; lastKnownFileType = sourcecode.swift; path = VideoCapture.swift; sourceTree = "<group>"; };
		FA9D9C7A2B89761500FCAE2D /* AVCaptureDevice+Extension.swift */ = {isa = PBXFileReference; fileEncoding = 4; lastKnownFileType = sourcecode.swift; path = "AVCaptureDevice+Extension.swift"; sourceTree = "<group>"; };
		FA9D9C7F2B89779500FCAE2D /* UIAlertController+Utils.swift */ = {isa = PBXFileReference; fileEncoding = 4; lastKnownFileType = sourcecode.swift; path = "UIAlertController+Utils.swift"; sourceTree = "<group>"; };
		FA9D9C802B89779500FCAE2D /* CIImage+Utils.swift */ = {isa = PBXFileReference; fileEncoding = 4; lastKnownFileType = sourcecode.swift; path = "CIImage+Utils.swift"; sourceTree = "<group>"; };
		FA9D9C812B89779500FCAE2D /* AVDepthData+Utils.swift */ = {isa = PBXFileReference; fileEncoding = 4; lastKnownFileType = sourcecode.swift; path = "AVDepthData+Utils.swift"; sourceTree = "<group>"; };
		FA9D9C822B89779500FCAE2D /* CVPixelBuffer+CIImage.swift */ = {isa = PBXFileReference; fileEncoding = 4; lastKnownFileType = sourcecode.swift; path = "CVPixelBuffer+CIImage.swift"; sourceTree = "<group>"; };
		FA9D9C832B89779500FCAE2D /* UIImage+Utils.swift */ = {isa = PBXFileReference; fileEncoding = 4; lastKnownFileType = sourcecode.swift; path = "UIImage+Utils.swift"; sourceTree = "<group>"; };
		FA9D9C842B89779500FCAE2D /* CGImageSource+Depth.swift */ = {isa = PBXFileReference; fileEncoding = 4; lastKnownFileType = sourcecode.swift; path = "CGImageSource+Depth.swift"; sourceTree = "<group>"; };
		FA9D9C852B89779500FCAE2D /* PhotosUtils.swift */ = {isa = PBXFileReference; fileEncoding = 4; lastKnownFileType = sourcecode.swift; path = PhotosUtils.swift; sourceTree = "<group>"; };
		FAD3A72D2BEF078F00C4EFD6 /* ARDataProvider.swift */ = {isa = PBXFileReference; lastKnownFileType = sourcecode.swift; path = ARDataProvider.swift; sourceTree = "<group>"; };
		FAD3A7302BEF086900C4EFD6 /* shaders.metal */ = {isa = PBXFileReference; lastKnownFileType = sourcecode.metal; path = shaders.metal; sourceTree = "<group>"; };
		FAD3A7322BEF10F800C4EFD6 /* ARReceiver.swift */ = {isa = PBXFileReference; lastKnownFileType = sourcecode.swift; path = ARReceiver.swift; sourceTree = "<group>"; };
		FAD3A7342BEF118600C4EFD6 /* EnvironmentVariables.swift */ = {isa = PBXFileReference; lastKnownFileType = sourcecode.swift; path = EnvironmentVariables.swift; sourceTree = "<group>"; };
		FAD3A7362BEF12E000C4EFD6 /* MetalPointCloud.swift */ = {isa = PBXFileReference; lastKnownFileType = sourcecode.swift; path = MetalPointCloud.swift; sourceTree = "<group>"; };
		FAD3A7382BEF133A00C4EFD6 /* MetalTextureViewCoefs.swift */ = {isa = PBXFileReference; lastKnownFileType = sourcecode.swift; path = MetalTextureViewCoefs.swift; sourceTree = "<group>"; };
		FAD3A73A2BEF140500C4EFD6 /* MetalViewController.swift */ = {isa = PBXFileReference; lastKnownFileType = sourcecode.swift; path = MetalViewController.swift; sourceTree = "<group>"; };
		FADFB9182C75D64D00F892AF /* PickupObjectsFromImage.swift */ = {isa = PBXFileReference; lastKnownFileType = sourcecode.swift; path = PickupObjectsFromImage.swift; sourceTree = "<group>"; };
/* End PBXFileReference section */

/* Begin PBXFrameworksBuildPhase section */
		FA3DB1F32B84F7B8004F571F /* Frameworks */ = {
			isa = PBXFrameworksBuildPhase;
			buildActionMask = 2147483647;
			files = (
			);
			runOnlyForDeploymentPostprocessing = 0;
		};
/* End PBXFrameworksBuildPhase section */

/* Begin PBXGroup section */
		FA3DB1ED2B84F7B8004F571F = {
			isa = PBXGroup;
			children = (
				FA3DB1F82B84F7B8004F571F /* PointCloudDepthDemo */,
				FA3DB1F72B84F7B8004F571F /* Products */,
			);
			sourceTree = "<group>";
		};
		FA3DB1F72B84F7B8004F571F /* Products */ = {
			isa = PBXGroup;
			children = (
				FA3DB1F62B84F7B8004F571F /* PointCloudDepthDemo.app */,
			);
			name = Products;
			sourceTree = "<group>";
		};
		FA3DB1F82B84F7B8004F571F /* PointCloudDepthDemo */ = {
			isa = PBXGroup;
			children = (
				FA3DB1F92B84F7B8004F571F /* AppDelegate.swift */,
				FA3DB1FB2B84F7B8004F571F /* SceneDelegate.swift */,
				FA3DB1FD2B84F7B8004F571F /* ViewController.swift */,
				FA3F54D62B85FCE90018DF90 /* PhotoDepth.swift */,
				FA3DB20D2B84F80C004F571F /* PointCloud.swift */,
				FADFB9182C75D64D00F892AF /* PickupObjectsFromImage.swift */,
				FAD3A72F2BEF079500C4EFD6 /* Metal */,
				FA9D9C7E2B89779500FCAE2D /* Utils */,
				FA9D9C772B89761500FCAE2D /* VideoCapture */,
				FA3DB1FF2B84F7B8004F571F /* Main.storyboard */,
				FA3DB2022B84F7B9004F571F /* Assets.xcassets */,
				FA3DB2042B84F7B9004F571F /* LaunchScreen.storyboard */,
				FA3DB2072B84F7B9004F571F /* Info.plist */,
			);
			path = PointCloudDepthDemo;
			sourceTree = "<group>";
		};
		FA9D9C772B89761500FCAE2D /* VideoCapture */ = {
			isa = PBXGroup;
			children = (
				FA9D9C782B89761500FCAE2D /* VideoCameraType.swift */,
				FA9D9C792B89761500FCAE2D /* VideoCapture.swift */,
				FA9D9C7A2B89761500FCAE2D /* AVCaptureDevice+Extension.swift */,
			);
			path = VideoCapture;
			sourceTree = "<group>";
		};
		FA9D9C7E2B89779500FCAE2D /* Utils */ = {
			isa = PBXGroup;
			children = (
				FA9D9C7F2B89779500FCAE2D /* UIAlertController+Utils.swift */,
				FA9D9C802B89779500FCAE2D /* CIImage+Utils.swift */,
				FA9D9C812B89779500FCAE2D /* AVDepthData+Utils.swift */,
				FA9D9C822B89779500FCAE2D /* CVPixelBuffer+CIImage.swift */,
				FA9D9C832B89779500FCAE2D /* UIImage+Utils.swift */,
				FA9D9C842B89779500FCAE2D /* CGImageSource+Depth.swift */,
				FA9D9C852B89779500FCAE2D /* PhotosUtils.swift */,
			);
			path = Utils;
			sourceTree = "<group>";
		};
		FAD3A72F2BEF079500C4EFD6 /* Metal */ = {
			isa = PBXGroup;
			children = (
				FAD3A72D2BEF078F00C4EFD6 /* ARDataProvider.swift */,
				FAD3A7322BEF10F800C4EFD6 /* ARReceiver.swift */,
				FAD3A7302BEF086900C4EFD6 /* shaders.metal */,
				FAD3A7342BEF118600C4EFD6 /* EnvironmentVariables.swift */,
				FAD3A7362BEF12E000C4EFD6 /* MetalPointCloud.swift */,
				FAD3A7382BEF133A00C4EFD6 /* MetalTextureViewCoefs.swift */,
				FAD3A73A2BEF140500C4EFD6 /* MetalViewController.swift */,
			);
			path = Metal;
			sourceTree = "<group>";
		};
/* End PBXGroup section */

/* Begin PBXNativeTarget section */
		FA3DB1F52B84F7B8004F571F /* PointCloudDepthDemo */ = {
			isa = PBXNativeTarget;
			buildConfigurationList = FA3DB20A2B84F7B9004F571F /* Build configuration list for PBXNativeTarget "PointCloudDepthDemo" */;
			buildPhases = (
				FA3DB1F22B84F7B8004F571F /* Sources */,
				FA3DB1F32B84F7B8004F571F /* Frameworks */,
				FA3DB1F42B84F7B8004F571F /* Resources */,
			);
			buildRules = (
			);
			dependencies = (
			);
			name = PointCloudDepthDemo;
			productName = PointCloudDepthDemo;
			productReference = FA3DB1F62B84F7B8004F571F /* PointCloudDepthDemo.app */;
			productType = "com.apple.product-type.application";
		};
/* End PBXNativeTarget section */

/* Begin PBXProject section */
		FA3DB1EE2B84F7B8004F571F /* Project object */ = {
			isa = PBXProject;
			attributes = {
				BuildIndependentTargetsInParallel = 1;
				LastSwiftUpdateCheck = 1500;
				LastUpgradeCheck = 1500;
				TargetAttributes = {
					FA3DB1F52B84F7B8004F571F = {
						CreatedOnToolsVersion = 15.0;
					};
				};
			};
			buildConfigurationList = FA3DB1F12B84F7B8004F571F /* Build configuration list for PBXProject "PointCloudDepthDemo" */;
			compatibilityVersion = "Xcode 14.0";
			developmentRegion = en;
			hasScannedForEncodings = 0;
			knownRegions = (
				en,
				Base,
			);
			mainGroup = FA3DB1ED2B84F7B8004F571F;
			productRefGroup = FA3DB1F72B84F7B8004F571F /* Products */;
			projectDirPath = "";
			projectRoot = "";
			targets = (
				FA3DB1F52B84F7B8004F571F /* PointCloudDepthDemo */,
			);
		};
/* End PBXProject section */

/* Begin PBXResourcesBuildPhase section */
		FA3DB1F42B84F7B8004F571F /* Resources */ = {
			isa = PBXResourcesBuildPhase;
			buildActionMask = 2147483647;
			files = (
				FA3DB2062B84F7B9004F571F /* LaunchScreen.storyboard in Resources */,
				FA3DB2032B84F7B9004F571F /* Assets.xcassets in Resources */,
				FA3DB2012B84F7B8004F571F /* Main.storyboard in Resources */,
			);
			runOnlyForDeploymentPostprocessing = 0;
		};
/* End PBXResourcesBuildPhase section */

/* Begin PBXSourcesBuildPhase section */
		FA3DB1F22B84F7B8004F571F /* Sources */ = {
			isa = PBXSourcesBuildPhase;
			buildActionMask = 2147483647;
			files = (
				FA3DB20E2B84F80C004F571F /* PointCloud.swift in Sources */,
				FA9D9C8A2B89779600FCAE2D /* UIImage+Utils.swift in Sources */,
				FADFB9192C75D64D00F892AF /* PickupObjectsFromImage.swift in Sources */,
				FAD3A7392BEF133A00C4EFD6 /* MetalTextureViewCoefs.swift in Sources */,
				FA9D9C872B89779600FCAE2D /* CIImage+Utils.swift in Sources */,
				FA9D9C882B89779600FCAE2D /* AVDepthData+Utils.swift in Sources */,
				FAD3A7372BEF12E000C4EFD6 /* MetalPointCloud.swift in Sources */,
				FA9D9C7C2B89761500FCAE2D /* VideoCapture.swift in Sources */,
				FA3DB1FE2B84F7B8004F571F /* ViewController.swift in Sources */,
				FA9D9C7B2B89761500FCAE2D /* VideoCameraType.swift in Sources */,
				FAD3A72E2BEF078F00C4EFD6 /* ARDataProvider.swift in Sources */,
				FA9D9C862B89779600FCAE2D /* UIAlertController+Utils.swift in Sources */,
				FA3DB1FA2B84F7B8004F571F /* AppDelegate.swift in Sources */,
				FA9D9C7D2B89761500FCAE2D /* AVCaptureDevice+Extension.swift in Sources */,
				FA9D9C8C2B89779600FCAE2D /* PhotosUtils.swift in Sources */,
				FA9D9C8B2B89779600FCAE2D /* CGImageSource+Depth.swift in Sources */,
				FAD3A7332BEF10F800C4EFD6 /* ARReceiver.swift in Sources */,
				FA9D9C892B89779600FCAE2D /* CVPixelBuffer+CIImage.swift in Sources */,
				FA3F54D72B85FCE90018DF90 /* PhotoDepth.swift in Sources */,
				FAD3A7312BEF086900C4EFD6 /* shaders.metal in Sources */,
				FA3DB1FC2B84F7B8004F571F /* SceneDelegate.swift in Sources */,
				FAD3A73B2BEF140500C4EFD6 /* MetalViewController.swift in Sources */,
				FAD3A7352BEF118600C4EFD6 /* EnvironmentVariables.swift in Sources */,
			);
			runOnlyForDeploymentPostprocessing = 0;
		};
/* End PBXSourcesBuildPhase section */

/* Begin PBXVariantGroup section */
		FA3DB1FF2B84F7B8004F571F /* Main.storyboard */ = {
			isa = PBXVariantGroup;
			children = (
				FA3DB2002B84F7B8004F571F /* Base */,
			);
			name = Main.storyboard;
			sourceTree = "<group>";
		};
		FA3DB2042B84F7B9004F571F /* LaunchScreen.storyboard */ = {
			isa = PBXVariantGroup;
			children = (
				FA3DB2052B84F7B9004F571F /* Base */,
			);
			name = LaunchScreen.storyboard;
			sourceTree = "<group>";
		};
/* End PBXVariantGroup section */

/* Begin XCBuildConfiguration section */
		FA3DB2082B84F7B9004F571F /* Debug */ = {
			isa = XCBuildConfiguration;
			buildSettings = {
				ALWAYS_SEARCH_USER_PATHS = NO;
				ASSETCATALOG_COMPILER_GENERATE_SWIFT_ASSET_SYMBOL_EXTENSIONS = YES;
				CLANG_ANALYZER_NONNULL = YES;
				CLANG_ANALYZER_NUMBER_OBJECT_CONVERSION = YES_AGGRESSIVE;
				CLANG_CXX_LANGUAGE_STANDARD = "gnu++20";
				CLANG_ENABLE_MODULES = YES;
				CLANG_ENABLE_OBJC_ARC = YES;
				CLANG_ENABLE_OBJC_WEAK = YES;
				CLANG_WARN_BLOCK_CAPTURE_AUTORELEASING = YES;
				CLANG_WARN_BOOL_CONVERSION = YES;
				CLANG_WARN_COMMA = YES;
				CLANG_WARN_CONSTANT_CONVERSION = YES;
				CLANG_WARN_DEPRECATED_OBJC_IMPLEMENTATIONS = YES;
				CLANG_WARN_DIRECT_OBJC_ISA_USAGE = YES_ERROR;
				CLANG_WARN_DOCUMENTATION_COMMENTS = YES;
				CLANG_WARN_EMPTY_BODY = YES;
				CLANG_WARN_ENUM_CONVERSION = YES;
				CLANG_WARN_INFINITE_RECURSION = YES;
				CLANG_WARN_INT_CONVERSION = YES;
				CLANG_WARN_NON_LITERAL_NULL_CONVERSION = YES;
				CLANG_WARN_OBJC_IMPLICIT_RETAIN_SELF = YES;
				CLANG_WARN_OBJC_LITERAL_CONVERSION = YES;
				CLANG_WARN_OBJC_ROOT_CLASS = YES_ERROR;
				CLANG_WARN_QUOTED_INCLUDE_IN_FRAMEWORK_HEADER = YES;
				CLANG_WARN_RANGE_LOOP_ANALYSIS = YES;
				CLANG_WARN_STRICT_PROTOTYPES = YES;
				CLANG_WARN_SUSPICIOUS_MOVE = YES;
				CLANG_WARN_UNGUARDED_AVAILABILITY = YES_AGGRESSIVE;
				CLANG_WARN_UNREACHABLE_CODE = YES;
				CLANG_WARN__DUPLICATE_METHOD_MATCH = YES;
				COPY_PHASE_STRIP = NO;
				DEBUG_INFORMATION_FORMAT = dwarf;
				ENABLE_STRICT_OBJC_MSGSEND = YES;
				ENABLE_TESTABILITY = YES;
				ENABLE_USER_SCRIPT_SANDBOXING = YES;
				GCC_C_LANGUAGE_STANDARD = gnu17;
				GCC_DYNAMIC_NO_PIC = NO;
				GCC_NO_COMMON_BLOCKS = YES;
				GCC_OPTIMIZATION_LEVEL = 0;
				GCC_PREPROCESSOR_DEFINITIONS = (
					"DEBUG=1",
					"$(inherited)",
				);
				GCC_WARN_64_TO_32_BIT_CONVERSION = YES;
				GCC_WARN_ABOUT_RETURN_TYPE = YES_ERROR;
				GCC_WARN_UNDECLARED_SELECTOR = YES;
				GCC_WARN_UNINITIALIZED_AUTOS = YES_AGGRESSIVE;
				GCC_WARN_UNUSED_FUNCTION = YES;
				GCC_WARN_UNUSED_VARIABLE = YES;
				IPHONEOS_DEPLOYMENT_TARGET = 17.0;
				LOCALIZATION_PREFERS_STRING_CATALOGS = YES;
				MTL_ENABLE_DEBUG_INFO = INCLUDE_SOURCE;
				MTL_FAST_MATH = YES;
				ONLY_ACTIVE_ARCH = YES;
				SDKROOT = iphoneos;
				SWIFT_ACTIVE_COMPILATION_CONDITIONS = "DEBUG $(inherited)";
				SWIFT_OPTIMIZATION_LEVEL = "-Onone";
			};
			name = Debug;
		};
		FA3DB2092B84F7B9004F571F /* Release */ = {
			isa = XCBuildConfiguration;
			buildSettings = {
				ALWAYS_SEARCH_USER_PATHS = NO;
				ASSETCATALOG_COMPILER_GENERATE_SWIFT_ASSET_SYMBOL_EXTENSIONS = YES;
				CLANG_ANALYZER_NONNULL = YES;
				CLANG_ANALYZER_NUMBER_OBJECT_CONVERSION = YES_AGGRESSIVE;
				CLANG_CXX_LANGUAGE_STANDARD = "gnu++20";
				CLANG_ENABLE_MODULES = YES;
				CLANG_ENABLE_OBJC_ARC = YES;
				CLANG_ENABLE_OBJC_WEAK = YES;
				CLANG_WARN_BLOCK_CAPTURE_AUTORELEASING = YES;
				CLANG_WARN_BOOL_CONVERSION = YES;
				CLANG_WARN_COMMA = YES;
				CLANG_WARN_CONSTANT_CONVERSION = YES;
				CLANG_WARN_DEPRECATED_OBJC_IMPLEMENTATIONS = YES;
				CLANG_WARN_DIRECT_OBJC_ISA_USAGE = YES_ERROR;
				CLANG_WARN_DOCUMENTATION_COMMENTS = YES;
				CLANG_WARN_EMPTY_BODY = YES;
				CLANG_WARN_ENUM_CONVERSION = YES;
				CLANG_WARN_INFINITE_RECURSION = YES;
				CLANG_WARN_INT_CONVERSION = YES;
				CLANG_WARN_NON_LITERAL_NULL_CONVERSION = YES;
				CLANG_WARN_OBJC_IMPLICIT_RETAIN_SELF = YES;
				CLANG_WARN_OBJC_LITERAL_CONVERSION = YES;
				CLANG_WARN_OBJC_ROOT_CLASS = YES_ERROR;
				CLANG_WARN_QUOTED_INCLUDE_IN_FRAMEWORK_HEADER = YES;
				CLANG_WARN_RANGE_LOOP_ANALYSIS = YES;
				CLANG_WARN_STRICT_PROTOTYPES = YES;
				CLANG_WARN_SUSPICIOUS_MOVE = YES;
				CLANG_WARN_UNGUARDED_AVAILABILITY = YES_AGGRESSIVE;
				CLANG_WARN_UNREACHABLE_CODE = YES;
				CLANG_WARN__DUPLICATE_METHOD_MATCH = YES;
				COPY_PHASE_STRIP = NO;
				DEBUG_INFORMATION_FORMAT = "dwarf-with-dsym";
				ENABLE_NS_ASSERTIONS = NO;
				ENABLE_STRICT_OBJC_MSGSEND = YES;
				ENABLE_USER_SCRIPT_SANDBOXING = YES;
				GCC_C_LANGUAGE_STANDARD = gnu17;
				GCC_NO_COMMON_BLOCKS = YES;
				GCC_WARN_64_TO_32_BIT_CONVERSION = YES;
				GCC_WARN_ABOUT_RETURN_TYPE = YES_ERROR;
				GCC_WARN_UNDECLARED_SELECTOR = YES;
				GCC_WARN_UNINITIALIZED_AUTOS = YES_AGGRESSIVE;
				GCC_WARN_UNUSED_FUNCTION = YES;
				GCC_WARN_UNUSED_VARIABLE = YES;
				IPHONEOS_DEPLOYMENT_TARGET = 17.0;
				LOCALIZATION_PREFERS_STRING_CATALOGS = YES;
				MTL_ENABLE_DEBUG_INFO = NO;
				MTL_FAST_MATH = YES;
				SDKROOT = iphoneos;
				SWIFT_COMPILATION_MODE = wholemodule;
				VALIDATE_PRODUCT = YES;
			};
			name = Release;
		};
		FA3DB20B2B84F7B9004F571F /* Debug */ = {
			isa = XCBuildConfiguration;
			buildSettings = {
				ASSETCATALOG_COMPILER_APPICON_NAME = AppIcon;
				ASSETCATALOG_COMPILER_GLOBAL_ACCENT_COLOR_NAME = AccentColor;
				CODE_SIGN_IDENTITY = "Apple Development";
				CODE_SIGN_STYLE = Automatic;
				CURRENT_PROJECT_VERSION = 1;
				DEVELOPMENT_TEAM = 55ZWVMH3DZ;
				GENERATE_INFOPLIST_FILE = YES;
				INFOPLIST_FILE = PointCloudDepthDemo/Info.plist;
				INFOPLIST_KEY_NSCameraUsageDescription = use;
				INFOPLIST_KEY_UIApplicationSupportsIndirectInputEvents = YES;
				INFOPLIST_KEY_UILaunchStoryboardName = LaunchScreen;
				INFOPLIST_KEY_UIMainStoryboardFile = Main;
				INFOPLIST_KEY_UISupportedInterfaceOrientations = "UIInterfaceOrientationLandscapeLeft UIInterfaceOrientationLandscapeRight UIInterfaceOrientationPortrait UIInterfaceOrientationPortraitUpsideDown";
				IPHONEOS_DEPLOYMENT_TARGET = 16.0;
				LD_RUNPATH_SEARCH_PATHS = (
					"$(inherited)",
					"@executable_path/Frameworks",
				);
				MARKETING_VERSION = 1.0;
				PRODUCT_BUNDLE_IDENTIFIER = com.tuyw.test2;
				PRODUCT_NAME = "$(TARGET_NAME)";
				PROVISIONING_PROFILE_SPECIFIER = "";
				SWIFT_EMIT_LOC_STRINGS = YES;
				SWIFT_VERSION = 5.0;
				TARGETED_DEVICE_FAMILY = "1,2";
			};
			name = Debug;
		};
		FA3DB20C2B84F7B9004F571F /* Release */ = {
			isa = XCBuildConfiguration;
			buildSettings = {
				ASSETCATALOG_COMPILER_APPICON_NAME = AppIcon;
				ASSETCATALOG_COMPILER_GLOBAL_ACCENT_COLOR_NAME = AccentColor;
				CODE_SIGN_IDENTITY = "Apple Development";
				CODE_SIGN_STYLE = Automatic;
				CURRENT_PROJECT_VERSION = 1;
				DEVELOPMENT_TEAM = 55ZWVMH3DZ;
				GENERATE_INFOPLIST_FILE = YES;
				INFOPLIST_FILE = PointCloudDepthDemo/Info.plist;
				INFOPLIST_KEY_NSCameraUsageDescription = use;
				INFOPLIST_KEY_UIApplicationSupportsIndirectInputEvents = YES;
				INFOPLIST_KEY_UILaunchStoryboardName = LaunchScreen;
				INFOPLIST_KEY_UIMainStoryboardFile = Main;
				INFOPLIST_KEY_UISupportedInterfaceOrientations = "UIInterfaceOrientationLandscapeLeft UIInterfaceOrientationLandscapeRight UIInterfaceOrientationPortrait UIInterfaceOrientationPortraitUpsideDown";
				IPHONEOS_DEPLOYMENT_TARGET = 16.0;
				LD_RUNPATH_SEARCH_PATHS = (
					"$(inherited)",
					"@executable_path/Frameworks",
				);
				MARKETING_VERSION = 1.0;
				PRODUCT_BUNDLE_IDENTIFIER = com.tuyw.test2;
				PRODUCT_NAME = "$(TARGET_NAME)";
				PROVISIONING_PROFILE_SPECIFIER = "";
				SWIFT_EMIT_LOC_STRINGS = YES;
				SWIFT_VERSION = 5.0;
				TARGETED_DEVICE_FAMILY = "1,2";
			};
			name = Release;
		};
/* End XCBuildConfiguration section */

/* Begin XCConfigurationList section */
		FA3DB1F12B84F7B8004F571F /* Build configuration list for PBXProject "PointCloudDepthDemo" */ = {
			isa = XCConfigurationList;
			buildConfigurations = (
				FA3DB2082B84F7B9004F571F /* Debug */,
				FA3DB2092B84F7B9004F571F /* Release */,
			);
			defaultConfigurationIsVisible = 0;
			defaultConfigurationName = Release;
		};
		FA3DB20A2B84F7B9004F571F /* Build configuration list for PBXNativeTarget "PointCloudDepthDemo" */ = {
			isa = XCConfigurationList;
			buildConfigurations = (
				FA3DB20B2B84F7B9004F571F /* Debug */,
				FA3DB20C2B84F7B9004F571F /* Release */,
			);
			defaultConfigurationIsVisible = 0;
			defaultConfigurationName = Release;
		};
/* End XCConfigurationList section */
	};
	rootObject = FA3DB1EE2B84F7B8004F571F /* Project object */;
}
